
Microsoft Visual Studio Solution File, Format Version 12.00
# Visual Studio Version 17
VisualStudioVersion = 17.1.32210.238
MinimumVisualStudioVersion = 10.0.40219.1
Project("{2150E333-8FDC-42A3-9474-1A3956D46DE8}") = "01 - Testes de Unidade", "01 - Testes de Unidade", "{CC98BC08-B406-4B4A-8B54-34BA3BF87433}"
EndProject
Project("{2150E333-8FDC-42A3-9474-1A3956D46DE8}") = "1.1 - Testes Basicos", "1.1 - Testes Basicos", "{33793DB7-AD8C-4CD8-B2B6-7B1A0F501A41}"
EndProject
Project("{9A19103F-16F7-4668-BE54-9A1E7A4F7556}") = "Demo.Tests", "01 - Testes de Unidade\Demo.Tests\Demo.Tests.csproj", "{BA3865A9-1634-4FC2-BC51-9DD419246562}"
EndProject
Project("{9A19103F-16F7-4668-BE54-9A1E7A4F7556}") = "Demo", "01 - Testes de Unidade\Demo\Demo.csproj", "{CA2BD756-4571-419A-AB39-E195E6128797}"
EndProject
Project("{2150E333-8FDC-42A3-9474-1A3956D46DE8}") = "1.2 - Features", "1.2 - Features", "{E24C0327-65D7-42BD-84BD-E076A1987DA2}"
EndProject
Project("{9A19103F-16F7-4668-BE54-9A1E7A4F7556}") = "Features", "01 - Testes de Unidade\Features\Features.csproj", "{60C5637E-168F-4526-A5C7-02B0107854F1}"
EndProject
Project("{9A19103F-16F7-4668-BE54-9A1E7A4F7556}") = "Features.Tests", "01 - Testes de Unidade\Features.Tests\Features.Tests.csproj", "{8A463F09-A3E0-45F3-946D-BFA165FCE8DA}"
EndProject
Project("{2150E333-8FDC-42A3-9474-1A3956D46DE8}") = "02 - TDD", "02 - TDD", "{B3042CF1-F2BB-4D85-ACAB-ECC359407F80}"
EndProject
Project("{2150E333-8FDC-42A3-9474-1A3956D46DE8}") = "Tests", "Tests", "{FB603A13-02AE-46F7-932F-FB74B58B2E4A}"
EndProject
Project("{9A19103F-16F7-4668-BE54-9A1E7A4F7556}") = "NerdStore.Vendas.Application.Tests", "02 - TDD\tests\NerdStore.Vendas.Application.Tests\NerdStore.Vendas.Application.Tests.csproj", "{64246F1B-30E5-4731-961F-7366A281B0D3}"
EndProject
Project("{9A19103F-16F7-4668-BE54-9A1E7A4F7556}") = "NerdStore.Vendas.Domain.Tests", "02 - TDD\tests\NerdStore.Vendas.Domain.Tests\NerdStore.Vendas.Domain.Tests.csproj", "{B8CD82BB-BEBF-4156-879A-E8684CA3C22D}"
EndProject
Project("{9A19103F-16F7-4668-BE54-9A1E7A4F7556}") = "NerdStore.Core", "02 - TDD\src\NerdStore.Core\NerdStore.Core.csproj", "{FBC6BB26-EB04-43B8-B264-49B4B5781F6D}"
EndProject
Project("{9A19103F-16F7-4668-BE54-9A1E7A4F7556}") = "NerdStore.Vendas.Application", "02 - TDD\src\NerdStore.Vendas.Application\NerdStore.Vendas.Application.csproj", "{B0C9C220-411F-40F9-8A41-5AE3F1DBA3ED}"
EndProject
Project("{9A19103F-16F7-4668-BE54-9A1E7A4F7556}") = "NerdStore.Vendas.Data", "02 - TDD\src\NerdStore.Vendas.Data\NerdStore.Vendas.Data.csproj", "{2EA04762-B5E7-44B2-B711-2554ED580E43}"
EndProject
Project("{9A19103F-16F7-4668-BE54-9A1E7A4F7556}") = "NerdStore.Vendas.Domain", "02 - TDD\src\NerdStore.Vendas.Domain\NerdStore.Vendas.Domain.csproj", "{CF7172D3-0C67-43E1-82B9-9F128ADE5C3B}"
EndProject
Global
	GlobalSection(SolutionConfigurationPlatforms) = preSolution
		Debug|Any CPU = Debug|Any CPU
		Release|Any CPU = Release|Any CPU
	EndGlobalSection
	GlobalSection(ProjectConfigurationPlatforms) = postSolution
		{BA3865A9-1634-4FC2-BC51-9DD419246562}.Debug|Any CPU.ActiveCfg = Debug|Any CPU
		{BA3865A9-1634-4FC2-BC51-9DD419246562}.Debug|Any CPU.Build.0 = Debug|Any CPU
		{BA3865A9-1634-4FC2-BC51-9DD419246562}.Release|Any CPU.ActiveCfg = Release|Any CPU
		{BA3865A9-1634-4FC2-BC51-9DD419246562}.Release|Any CPU.Build.0 = Release|Any CPU
		{CA2BD756-4571-419A-AB39-E195E6128797}.Debug|Any CPU.ActiveCfg = Debug|Any CPU
		{CA2BD756-4571-419A-AB39-E195E6128797}.Debug|Any CPU.Build.0 = Debug|Any CPU
		{CA2BD756-4571-419A-AB39-E195E6128797}.Release|Any CPU.ActiveCfg = Release|Any CPU
		{CA2BD756-4571-419A-AB39-E195E6128797}.Release|Any CPU.Build.0 = Release|Any CPU
		{60C5637E-168F-4526-A5C7-02B0107854F1}.Debug|Any CPU.ActiveCfg = Debug|Any CPU
		{60C5637E-168F-4526-A5C7-02B0107854F1}.Debug|Any CPU.Build.0 = Debug|Any CPU
		{60C5637E-168F-4526-A5C7-02B0107854F1}.Release|Any CPU.ActiveCfg = Release|Any CPU
		{60C5637E-168F-4526-A5C7-02B0107854F1}.Release|Any CPU.Build.0 = Release|Any CPU
		{8A463F09-A3E0-45F3-946D-BFA165FCE8DA}.Debug|Any CPU.ActiveCfg = Debug|Any CPU
		{8A463F09-A3E0-45F3-946D-BFA165FCE8DA}.Debug|Any CPU.Build.0 = Debug|Any CPU
		{8A463F09-A3E0-45F3-946D-BFA165FCE8DA}.Release|Any CPU.ActiveCfg = Release|Any CPU
		{8A463F09-A3E0-45F3-946D-BFA165FCE8DA}.Release|Any CPU.Build.0 = Release|Any CPU
		{64246F1B-30E5-4731-961F-7366A281B0D3}.Debug|Any CPU.ActiveCfg = Debug|Any CPU
		{64246F1B-30E5-4731-961F-7366A281B0D3}.Debug|Any CPU.Build.0 = Debug|Any CPU
		{64246F1B-30E5-4731-961F-7366A281B0D3}.Release|Any CPU.ActiveCfg = Release|Any CPU
		{64246F1B-30E5-4731-961F-7366A281B0D3}.Release|Any CPU.Build.0 = Release|Any CPU
		{B8CD82BB-BEBF-4156-879A-E8684CA3C22D}.Debug|Any CPU.ActiveCfg = Debug|Any CPU
		{B8CD82BB-BEBF-4156-879A-E8684CA3C22D}.Debug|Any CPU.Build.0 = Debug|Any CPU
		{B8CD82BB-BEBF-4156-879A-E8684CA3C22D}.Release|Any CPU.ActiveCfg = Release|Any CPU
		{B8CD82BB-BEBF-4156-879A-E8684CA3C22D}.Release|Any CPU.Build.0 = Release|Any CPU
		{FBC6BB26-EB04-43B8-B264-49B4B5781F6D}.Debug|Any CPU.ActiveCfg = Debug|Any CPU
		{FBC6BB26-EB04-43B8-B264-49B4B5781F6D}.Debug|Any CPU.Build.0 = Debug|Any CPU
		{FBC6BB26-EB04-43B8-B264-49B4B5781F6D}.Release|Any CPU.ActiveCfg = Release|Any CPU
		{FBC6BB26-EB04-43B8-B264-49B4B5781F6D}.Release|Any CPU.Build.0 = Release|Any CPU
		{B0C9C220-411F-40F9-8A41-5AE3F1DBA3ED}.Debug|Any CPU.ActiveCfg = Debug|Any CPU
		{B0C9C220-411F-40F9-8A41-5AE3F1DBA3ED}.Debug|Any CPU.Build.0 = Debug|Any CPU
		{B0C9C220-411F-40F9-8A41-5AE3F1DBA3ED}.Release|Any CPU.ActiveCfg = Release|Any CPU
		{B0C9C220-411F-40F9-8A41-5AE3F1DBA3ED}.Release|Any CPU.Build.0 = Release|Any CPU
		{2EA04762-B5E7-44B2-B711-2554ED580E43}.Debug|Any CPU.ActiveCfg = Debug|Any CPU
		{2EA04762-B5E7-44B2-B711-2554ED580E43}.Debug|Any CPU.Build.0 = Debug|Any CPU
		{2EA04762-B5E7-44B2-B711-2554ED580E43}.Release|Any CPU.ActiveCfg = Release|Any CPU
		{2EA04762-B5E7-44B2-B711-2554ED580E43}.Release|Any CPU.Build.0 = Release|Any CPU
		{CF7172D3-0C67-43E1-82B9-9F128ADE5C3B}.Debug|Any CPU.ActiveCfg = Debug|Any CPU
		{CF7172D3-0C67-43E1-82B9-9F128ADE5C3B}.Debug|Any CPU.Build.0 = Debug|Any CPU
		{CF7172D3-0C67-43E1-82B9-9F128ADE5C3B}.Release|Any CPU.ActiveCfg = Release|Any CPU
		{CF7172D3-0C67-43E1-82B9-9F128ADE5C3B}.Release|Any CPU.Build.0 = Release|Any CPU
	EndGlobalSection
	GlobalSection(SolutionProperties) = preSolution
		HideSolutionNode = FALSE
	EndGlobalSection
	GlobalSection(NestedProjects) = preSolution
		{33793DB7-AD8C-4CD8-B2B6-7B1A0F501A41} = {CC98BC08-B406-4B4A-8B54-34BA3BF87433}
		{BA3865A9-1634-4FC2-BC51-9DD419246562} = {33793DB7-AD8C-4CD8-B2B6-7B1A0F501A41}
		{CA2BD756-4571-419A-AB39-E195E6128797} = {33793DB7-AD8C-4CD8-B2B6-7B1A0F501A41}
		{E24C0327-65D7-42BD-84BD-E076A1987DA2} = {CC98BC08-B406-4B4A-8B54-34BA3BF87433}
		{60C5637E-168F-4526-A5C7-02B0107854F1} = {E24C0327-65D7-42BD-84BD-E076A1987DA2}
		{8A463F09-A3E0-45F3-946D-BFA165FCE8DA} = {E24C0327-65D7-42BD-84BD-E076A1987DA2}
		{FB603A13-02AE-46F7-932F-FB74B58B2E4A} = {B3042CF1-F2BB-4D85-ACAB-ECC359407F80}
		{64246F1B-30E5-4731-961F-7366A281B0D3} = {FB603A13-02AE-46F7-932F-FB74B58B2E4A}
		{B8CD82BB-BEBF-4156-879A-E8684CA3C22D} = {FB603A13-02AE-46F7-932F-FB74B58B2E4A}
		{FBC6BB26-EB04-43B8-B264-49B4B5781F6D} = {B3042CF1-F2BB-4D85-ACAB-ECC359407F80}
		{B0C9C220-411F-40F9-8A41-5AE3F1DBA3ED} = {B3042CF1-F2BB-4D85-ACAB-ECC359407F80}
		{2EA04762-B5E7-44B2-B711-2554ED580E43} = {B3042CF1-F2BB-4D85-ACAB-ECC359407F80}
		{CF7172D3-0C67-43E1-82B9-9F128ADE5C3B} = {B3042CF1-F2BB-4D85-ACAB-ECC359407F80}
	EndGlobalSection
	GlobalSection(ExtensibilityGlobals) = postSolution
		SolutionGuid = {AD967C0D-41DE-4B2E-8D07-4E3094B1581C}
	EndGlobalSection
EndGlobal
